
Microsoft Visual Studio Solution File, Format Version 12.00
# Visual Studio 2013
VisualStudioVersion = 12.0.40629.0
MinimumVisualStudioVersion = 10.0.40219.1
Project("{8BC9CEB8-8B4A-11D0-8D11-00A0C91BC942}") = "quadtree_partitionVS2013", "quadtree_partitionVS2013\quadtree_partitionVS2013.vcxproj", "{C972E701-C4F5-40D5-A72C-6639435A8C6C}"
EndProject
Global
	GlobalSection(SolutionConfigurationPlatforms) = preSolution
		Debug|Win32 = Debug|Win32
		Release|Win32 = Release|Win32
	EndGlobalSection
	GlobalSection(ProjectConfigurationPlatforms) = postSolution
		{C972E701-C4F5-40D5-A72C-6639435A8C6C}.Debug|Win32.ActiveCfg = Debug|Win32
		{C972E701-C4F5-40D5-A72C-6639435A8C6C}.Debug|Win32.Build.0 = Debug|Win32
		{C972E701-C4F5-40D5-A72C-6639435A8C6C}.Release|Win32.ActiveCfg = Release|Win32
		{C972E701-C4F5-40D5-A72C-6639435A8C6C}.Release|Win32.Build.0 = Release|Win32
	EndGlobalSection
	GlobalSection(SolutionProperties) = preSolution
		HideSolutionNode = FALSE
	EndGlobalSection
EndGlobal
